{
  "name": "abap2xslx-rename",
  "version": "1.0.0",
  "lockfileVersion": 1,
  "requires": true,
  "dependencies": {
    "@abaplint/cli": {
      "version": "2.79.10",
      "resolved": "https://registry.npmjs.org/@abaplint/cli/-/cli-2.79.10.tgz",
      "integrity": "sha512-E86hzfDcCkk+NwB8oGIHgWJyTAqMAyue/p6CRYQOcLi0EuzNJe2xthVfaDNFPi2McQ36ktGKZodk7kX8Ww4LeQ=="
    }
  }
}
