{
  "name": "abap2xslx-rename",
  "version": "1.0.0",
  "lockfileVersion": 1,
  "requires": true,
  "dependencies": {
    "@abaplint/cli": {
      "version": "2.79.16",
      "resolved": "https://registry.npmjs.org/@abaplint/cli/-/cli-2.79.16.tgz",
      "integrity": "sha512-CKe000/SH+BNiICfXIoTpTn8/x5ETLgonZx/4AAV9zdc6mUjZdwEiEbvcD1V7b0mga61U+BQXme58A3RUb72QA=="
    }
  }
}
