{
  "name": "abap2xslx-rename",
  "version": "1.0.0",
  "lockfileVersion": 1,
  "requires": true,
  "dependencies": {
    "@abaplint/cli": {
      "version": "2.79.13",
      "resolved": "https://registry.npmjs.org/@abaplint/cli/-/cli-2.79.13.tgz",
      "integrity": "sha512-6a6xxD8Q0tWIdh0/wDEnCDXI/Gk9/0/u1VPa7LjdCU/wty4Gmbvse9QOC7ZkbsoyczxxE6muBNANrZs9QRh+Fg=="
    }
  }
}
